
Microsoft Visual Studio Solution File, Format Version 12.00
# Visual Studio 15
VisualStudioVersion = 15.0.28010.2048
MinimumVisualStudioVersion = 10.0.40219.1
Project("{9A19103F-16F7-4668-BE54-9A1E7A4F7556}") = "BusCore", "BusProj\BusCore.csproj", "{53EE43A1-0719-4796-93B4-26B6F07577A2}"
EndProject
Global
	GlobalSection(SolutionConfigurationPlatforms) = preSolution
		Debug|Any CPU = Debug|Any CPU
		Release|Any CPU = Release|Any CPU
	EndGlobalSection
	GlobalSection(ProjectConfigurationPlatforms) = postSolution
		{53EE43A1-0719-4796-93B4-26B6F07577A2}.Debug|Any CPU.ActiveCfg = Debug|Any CPU
		{53EE43A1-0719-4796-93B4-26B6F07577A2}.Debug|Any CPU.Build.0 = Debug|Any CPU
		{53EE43A1-0719-4796-93B4-26B6F07577A2}.Release|Any CPU.ActiveCfg = Release|Any CPU
		{53EE43A1-0719-4796-93B4-26B6F07577A2}.Release|Any CPU.Build.0 = Release|Any CPU
	EndGlobalSection
	GlobalSection(SolutionProperties) = preSolution
		HideSolutionNode = FALSE
	EndGlobalSection
	GlobalSection(ExtensibilityGlobals) = postSolution
		SolutionGuid = {644EC502-C90F-4DB3-A5CA-7417B4AD196D}
	EndGlobalSection
EndGlobal
